
Microsoft Visual Studio Solution File, Format Version 11.00
# Visual Studio 2010
Project("{54435603-DBB4-11D2-8724-00A0C9A8B90C}") = "IntelixInstaller", "IntelixInstaller\IntelixInstaller.vdproj", "{9656473E-9112-4C68-ABB5-1DEBDC7ACA85}"
EndProject
Global
	GlobalSection(SolutionConfigurationPlatforms) = preSolution
		Debug|Default = Debug|Default
		Release|Default = Release|Default
	EndGlobalSection
	GlobalSection(ProjectConfigurationPlatforms) = postSolution
		{9656473E-9112-4C68-ABB5-1DEBDC7ACA85}.Debug|Default.ActiveCfg = Debug
		{9656473E-9112-4C68-ABB5-1DEBDC7ACA85}.Debug|Default.Build.0 = Debug
		{9656473E-9112-4C68-ABB5-1DEBDC7ACA85}.Release|Default.ActiveCfg = Release
		{9656473E-9112-4C68-ABB5-1DEBDC7ACA85}.Release|Default.Build.0 = Release
	EndGlobalSection
	GlobalSection(SolutionProperties) = preSolution
		HideSolutionNode = FALSE
	EndGlobalSection
EndGlobal
